
Microsoft Visual Studio Solution File, Format Version 12.00
# Visual Studio 15
Project("{FAE04EC0-301F-11D3-BF4B-00C04F79EFBC}") = "Assembly-CSharp", "Assembly-CSharp.csproj", "{A8A6225C-A531-E327-272A-30FFEBD9E4BC}"
EndProject
Project("{FAE04EC0-301F-11D3-BF4B-00C04F79EFBC}") = "Assembly-CSharp-Editor", "Assembly-CSharp-Editor.csproj", "{FEF9450D-D379-CFEC-AEBC-2A0ADAD0E379}"
EndProject
Global
	GlobalSection(SolutionConfigurationPlatforms) = preSolution
		Debug|Any CPU = Debug|Any CPU
		Release|Any CPU = Release|Any CPU
	EndGlobalSection
	GlobalSection(ProjectConfigurationPlatforms) = postSolution
		{A8A6225C-A531-E327-272A-30FFEBD9E4BC}.Debug|Any CPU.ActiveCfg = Debug|Any CPU
		{A8A6225C-A531-E327-272A-30FFEBD9E4BC}.Debug|Any CPU.Build.0 = Debug|Any CPU
		{A8A6225C-A531-E327-272A-30FFEBD9E4BC}.Release|Any CPU.ActiveCfg = Release|Any CPU
		{A8A6225C-A531-E327-272A-30FFEBD9E4BC}.Release|Any CPU.Build.0 = Release|Any CPU
		{FEF9450D-D379-CFEC-AEBC-2A0ADAD0E379}.Debug|Any CPU.ActiveCfg = Debug|Any CPU
		{FEF9450D-D379-CFEC-AEBC-2A0ADAD0E379}.Debug|Any CPU.Build.0 = Debug|Any CPU
		{FEF9450D-D379-CFEC-AEBC-2A0ADAD0E379}.Release|Any CPU.ActiveCfg = Release|Any CPU
		{FEF9450D-D379-CFEC-AEBC-2A0ADAD0E379}.Release|Any CPU.Build.0 = Release|Any CPU
	EndGlobalSection
	GlobalSection(SolutionProperties) = preSolution
		HideSolutionNode = FALSE
	EndGlobalSection
EndGlobal
